// !$*UTF8*$!
{
	archiveVersion = 1;
	classes = {
	};
	objectVersion = 50;
	objects = {

/* Begin PBXBuildFile section */
		611DA2D62408ABAD0037FF18 /* AppDelegate.swift in Sources */ = {isa = PBXBuildFile; fileRef = 611DA2D52408ABAD0037FF18 /* AppDelegate.swift */; };
		611DA2D82408ABAD0037FF18 /* ViewController.swift in Sources */ = {isa = PBXBuildFile; fileRef = 611DA2D72408ABAD0037FF18 /* ViewController.swift */; };
		611DA2DB2408ABAD0037FF18 /* Main.storyboard in Resources */ = {isa = PBXBuildFile; fileRef = 611DA2D92408ABAD0037FF18 /* Main.storyboard */; };
		611DA2DD2408ABBA0037FF18 /* Assets.xcassets in Resources */ = {isa = PBXBuildFile; fileRef = 611DA2DC2408ABBA0037FF18 /* Assets.xcassets */; };
		611DA2E02408ABBA0037FF18 /* LaunchScreen.storyboard in Resources */ = {isa = PBXBuildFile; fileRef = 611DA2DE2408ABBA0037FF18 /* LaunchScreen.storyboard */; };
		611DA2EB2408AEE70037FF18 /* DogApi.swift in Sources */ = {isa = PBXBuildFile; fileRef = 611DA2EA2408AEE70037FF18 /* DogApi.swift */; };
		61985F4E240A27BE00E0CAAE /* DogImage.swift in Sources */ = {isa = PBXBuildFile; fileRef = 61985F4D240A27BE00E0CAAE /* DogImage.swift */; };
/* End PBXBuildFile section */

/* Begin PBXFileReference section */
		611DA2D22408ABAD0037FF18 /* DogLove.app */ = {isa = PBXFileReference; explicitFileType = wrapper.application; includeInIndex = 0; path = DogLove.app; sourceTree = BUILT_PRODUCTS_DIR; };
		611DA2D52408ABAD0037FF18 /* AppDelegate.swift */ = {isa = PBXFileReference; lastKnownFileType = sourcecode.swift; path = AppDelegate.swift; sourceTree = "<group>"; };
		611DA2D72408ABAD0037FF18 /* ViewController.swift */ = {isa = PBXFileReference; lastKnownFileType = sourcecode.swift; path = ViewController.swift; sourceTree = "<group>"; };
		611DA2DA2408ABAD0037FF18 /* Base */ = {isa = PBXFileReference; lastKnownFileType = file.storyboard; name = Base; path = Base.lproj/Main.storyboard; sourceTree = "<group>"; };
		611DA2DC2408ABBA0037FF18 /* Assets.xcassets */ = {isa = PBXFileReference; lastKnownFileType = folder.assetcatalog; path = Assets.xcassets; sourceTree = "<group>"; };
		611DA2DF2408ABBA0037FF18 /* Base */ = {isa = PBXFileReference; lastKnownFileType = file.storyboard; name = Base; path = Base.lproj/LaunchScreen.storyboard; sourceTree = "<group>"; };
		611DA2E12408ABBA0037FF18 /* Info.plist */ = {isa = PBXFileReference; lastKnownFileType = text.plist.xml; path = Info.plist; sourceTree = "<group>"; };
		611DA2EA2408AEE70037FF18 /* DogApi.swift */ = {isa = PBXFileReference; lastKnownFileType = sourcecode.swift; path = DogApi.swift; sourceTree = "<group>"; };
		61985F4D240A27BE00E0CAAE /* DogImage.swift */ = {isa = PBXFileReference; lastKnownFileType = sourcecode.swift; path = DogImage.swift; sourceTree = "<group>"; };
/* End PBXFileReference section */

/* Begin PBXFrameworksBuildPhase section */
		611DA2CF2408ABAD0037FF18 /* Frameworks */ = {
			isa = PBXFrameworksBuildPhase;
			buildActionMask = 2147483647;
			files = (
			);
			runOnlyForDeploymentPostprocessing = 0;
		};
/* End PBXFrameworksBuildPhase section */

/* Begin PBXGroup section */
		611DA2C92408ABAD0037FF18 = {
			isa = PBXGroup;
			children = (
				611DA2D42408ABAD0037FF18 /* DogLove */,
				611DA2D32408ABAD0037FF18 /* Products */,
			);
			sourceTree = "<group>";
		};
		611DA2D32408ABAD0037FF18 /* Products */ = {
			isa = PBXGroup;
			children = (
				611DA2D22408ABAD0037FF18 /* DogLove.app */,
			);
			name = Products;
			sourceTree = "<group>";
		};
		611DA2D42408ABAD0037FF18 /* DogLove */ = {
			isa = PBXGroup;
			children = (
				611DA2E92408AEC00037FF18 /* Model */,
				611DA2E82408AD3B0037FF18 /* Controller */,
				611DA2E72408AD1A0037FF18 /* View */,
				611DA2E12408ABBA0037FF18 /* Info.plist */,
			);
			path = DogLove;
			sourceTree = "<group>";
		};
		611DA2E72408AD1A0037FF18 /* View */ = {
			isa = PBXGroup;
			children = (
				611DA2D92408ABAD0037FF18 /* Main.storyboard */,
				611DA2DC2408ABBA0037FF18 /* Assets.xcassets */,
				611DA2DE2408ABBA0037FF18 /* LaunchScreen.storyboard */,
			);
			path = View;
			sourceTree = "<group>";
		};
		611DA2E82408AD3B0037FF18 /* Controller */ = {
			isa = PBXGroup;
			children = (
				611DA2D52408ABAD0037FF18 /* AppDelegate.swift */,
				611DA2D72408ABAD0037FF18 /* ViewController.swift */,
			);
			path = Controller;
			sourceTree = "<group>";
		};
		611DA2E92408AEC00037FF18 /* Model */ = {
			isa = PBXGroup;
			children = (
				611DA2EA2408AEE70037FF18 /* DogApi.swift */,
				61985F4D240A27BE00E0CAAE /* DogImage.swift */,
			);
			path = Model;
			sourceTree = "<group>";
		};
/* End PBXGroup section */

/* Begin PBXNativeTarget section */
		611DA2D12408ABAD0037FF18 /* DogLove */ = {
			isa = PBXNativeTarget;
			buildConfigurationList = 611DA2E42408ABBA0037FF18 /* Build configuration list for PBXNativeTarget "DogLove" */;
			buildPhases = (
				611DA2CE2408ABAD0037FF18 /* Sources */,
				611DA2CF2408ABAD0037FF18 /* Frameworks */,
				611DA2D02408ABAD0037FF18 /* Resources */,
			);
			buildRules = (
			);
			dependencies = (
			);
			name = DogLove;
			productName = DogLove;
			productReference = 611DA2D22408ABAD0037FF18 /* DogLove.app */;
			productType = "com.apple.product-type.application";
		};
/* End PBXNativeTarget section */

/* Begin PBXProject section */
		611DA2CA2408ABAD0037FF18 /* Project object */ = {
			isa = PBXProject;
			attributes = {
				LastSwiftUpdateCheck = 1030;
				LastUpgradeCheck = 1030;
				ORGANIZATIONNAME = "Agnidhra Gangopadhyay";
				TargetAttributes = {
					611DA2D12408ABAD0037FF18 = {
						CreatedOnToolsVersion = 10.3;
					};
				};
			};
			buildConfigurationList = 611DA2CD2408ABAD0037FF18 /* Build configuration list for PBXProject "DogLove" */;
			compatibilityVersion = "Xcode 9.3";
			developmentRegion = en;
			hasScannedForEncodings = 0;
			knownRegions = (
				en,
				Base,
			);
			mainGroup = 611DA2C92408ABAD0037FF18;
			productRefGroup = 611DA2D32408ABAD0037FF18 /* Products */;
			projectDirPath = "";
			projectRoot = "";
			targets = (
				611DA2D12408ABAD0037FF18 /* DogLove */,
			);
		};
/* End PBXProject section */

/* Begin PBXResourcesBuildPhase section */
		611DA2D02408ABAD0037FF18 /* Resources */ = {
			isa = PBXResourcesBuildPhase;
			buildActionMask = 2147483647;
			files = (
				611DA2E02408ABBA0037FF18 /* LaunchScreen.storyboard in Resources */,
				611DA2DD2408ABBA0037FF18 /* Assets.xcassets in Resources */,
				611DA2DB2408ABAD0037FF18 /* Main.storyboard in Resources */,
			);
			runOnlyForDeploymentPostprocessing = 0;
		};
/* End PBXResourcesBuildPhase section */

/* Begin PBXSourcesBuildPhase section */
		611DA2CE2408ABAD0037FF18 /* Sources */ = {
			isa = PBXSourcesBuildPhase;
			buildActionMask = 2147483647;
			files = (
				611DA2EB2408AEE70037FF18 /* DogApi.swift in Sources */,
				611DA2D82408ABAD0037FF18 /* ViewController.swift in Sources */,
				61985F4E240A27BE00E0CAAE /* DogImage.swift in Sources */,
				611DA2D62408ABAD0037FF18 /* AppDelegate.swift in Sources */,
			);
			runOnlyForDeploymentPostprocessing = 0;
		};
/* End PBXSourcesBuildPhase section */

/* Begin PBXVariantGroup section */
		611DA2D92408ABAD0037FF18 /* Main.storyboard */ = {
			isa = PBXVariantGroup;
			children = (
				611DA2DA2408ABAD0037FF18 /* Base */,
			);
			name = Main.storyboard;
			sourceTree = "<group>";
		};
		611DA2DE2408ABBA0037FF18 /* LaunchScreen.storyboard */ = {
			isa = PBXVariantGroup;
			children = (
				611DA2DF2408ABBA0037FF18 /* Base */,
			);
			name = LaunchScreen.storyboard;
			sourceTree = "<group>";
		};
/* End PBXVariantGroup section */

/* Begin XCBuildConfiguration section */
		611DA2E22408ABBA0037FF18 /* Debug */ = {
			isa = XCBuildConfiguration;
			buildSettings = {
				ALWAYS_SEARCH_USER_PATHS = NO;
				CLANG_ANALYZER_NONNULL = YES;
				CLANG_ANALYZER_NUMBER_OBJECT_CONVERSION = YES_AGGRESSIVE;
				CLANG_CXX_LANGUAGE_STANDARD = "gnu++14";
				CLANG_CXX_LIBRARY = "libc++";
				CLANG_ENABLE_MODULES = YES;
				CLANG_ENABLE_OBJC_ARC = YES;
				CLANG_ENABLE_OBJC_WEAK = YES;
				CLANG_WARN_BLOCK_CAPTURE_AUTORELEASING = YES;
				CLANG_WARN_BOOL_CONVERSION = YES;
				CLANG_WARN_COMMA = YES;
				CLANG_WARN_CONSTANT_CONVERSION = YES;
				CLANG_WARN_DEPRECATED_OBJC_IMPLEMENTATIONS = YES;
				CLANG_WARN_DIRECT_OBJC_ISA_USAGE = YES_ERROR;
				CLANG_WARN_DOCUMENTATION_COMMENTS = YES;
				CLANG_WARN_EMPTY_BODY = YES;
				CLANG_WARN_ENUM_CONVERSION = YES;
				CLANG_WARN_INFINITE_RECURSION = YES;
				CLANG_WARN_INT_CONVERSION = YES;
				CLANG_WARN_NON_LITERAL_NULL_CONVERSION = YES;
				CLANG_WARN_OBJC_IMPLICIT_RETAIN_SELF = YES;
				CLANG_WARN_OBJC_LITERAL_CONVERSION = YES;
				CLANG_WARN_OBJC_ROOT_CLASS = YES_ERROR;
				CLANG_WARN_RANGE_LOOP_ANALYSIS = YES;
				CLANG_WARN_STRICT_PROTOTYPES = YES;
				CLANG_WARN_SUSPICIOUS_MOVE = YES;
				CLANG_WARN_UNGUARDED_AVAILABILITY = YES_AGGRESSIVE;
				CLANG_WARN_UNREACHABLE_CODE = YES;
				CLANG_WARN__DUPLICATE_METHOD_MATCH = YES;
				CODE_SIGN_IDENTITY = "iPhone Developer";
				COPY_PHASE_STRIP = NO;
				DEBUG_INFORMATION_FORMAT = dwarf;
				ENABLE_STRICT_OBJC_MSGSEND = YES;
				ENABLE_TESTABILITY = YES;
				GCC_C_LANGUAGE_STANDARD = gnu11;
				GCC_DYNAMIC_NO_PIC = NO;
				GCC_NO_COMMON_BLOCKS = YES;
				GCC_OPTIMIZATION_LEVEL = 0;
				GCC_PREPROCESSOR_DEFINITIONS = (
					"DEBUG=1",
					"$(inherited)",
				);
				GCC_WARN_64_TO_32_BIT_CONVERSION = YES;
				GCC_WARN_ABOUT_RETURN_TYPE = YES_ERROR;
				GCC_WARN_UNDECLARED_SELECTOR = YES;
				GCC_WARN_UNINITIALIZED_AUTOS = YES_AGGRESSIVE;
				GCC_WARN_UNUSED_FUNCTION = YES;
				GCC_WARN_UNUSED_VARIABLE = YES;
				IPHONEOS_DEPLOYMENT_TARGET = 12.4;
				MTL_ENABLE_DEBUG_INFO = INCLUDE_SOURCE;
				MTL_FAST_MATH = YES;
				ONLY_ACTIVE_ARCH = YES;
				SDKROOT = iphoneos;
				SWIFT_ACTIVE_COMPILATION_CONDITIONS = DEBUG;
				SWIFT_OPTIMIZATION_LEVEL = "-Onone";
			};
			name = Debug;
		};
		611DA2E32408ABBA0037FF18 /* Release */ = {
			isa = XCBuildConfiguration;
			buildSettings = {
				ALWAYS_SEARCH_USER_PATHS = NO;
				CLANG_ANALYZER_NONNULL = YES;
				CLANG_ANALYZER_NUMBER_OBJECT_CONVERSION = YES_AGGRESSIVE;
				CLANG_CXX_LANGUAGE_STANDARD = "gnu++14";
				CLANG_CXX_LIBRARY = "libc++";
				CLANG_ENABLE_MODULES = YES;
				CLANG_ENABLE_OBJC_ARC = YES;
				CLANG_ENABLE_OBJC_WEAK = YES;
				CLANG_WARN_BLOCK_CAPTURE_AUTORELEASING = YES;
				CLANG_WARN_BOOL_CONVERSION = YES;
				CLANG_WARN_COMMA = YES;
				CLANG_WARN_CONSTANT_CONVERSION = YES;
				CLANG_WARN_DEPRECATED_OBJC_IMPLEMENTATIONS = YES;
				CLANG_WARN_DIRECT_OBJC_ISA_USAGE = YES_ERROR;
				CLANG_WARN_DOCUMENTATION_COMMENTS = YES;
				CLANG_WARN_EMPTY_BODY = YES;
				CLANG_WARN_ENUM_CONVERSION = YES;
				CLANG_WARN_INFINITE_RECURSION = YES;
				CLANG_WARN_INT_CONVERSION = YES;
				CLANG_WARN_NON_LITERAL_NULL_CONVERSION = YES;
				CLANG_WARN_OBJC_IMPLICIT_RETAIN_SELF = YES;
				CLANG_WARN_OBJC_LITERAL_CONVERSION = YES;
				CLANG_WARN_OBJC_ROOT_CLASS = YES_ERROR;
				CLANG_WARN_RANGE_LOOP_ANALYSIS = YES;
				CLANG_WARN_STRICT_PROTOTYPES = YES;
				CLANG_WARN_SUSPICIOUS_MOVE = YES;
				CLANG_WARN_UNGUARDED_AVAILABILITY = YES_AGGRESSIVE;
				CLANG_WARN_UNREACHABLE_CODE = YES;
				CLANG_WARN__DUPLICATE_METHOD_MATCH = YES;
				CODE_SIGN_IDENTITY = "iPhone Developer";
				COPY_PHASE_STRIP = NO;
				DEBUG_INFORMATION_FORMAT = "dwarf-with-dsym";
				ENABLE_NS_ASSERTIONS = NO;
				ENABLE_STRICT_OBJC_MSGSEND = YES;
				GCC_C_LANGUAGE_STANDARD = gnu11;
				GCC_NO_COMMON_BLOCKS = YES;
				GCC_WARN_64_TO_32_BIT_CONVERSION = YES;
				GCC_WARN_ABOUT_RETURN_TYPE = YES_ERROR;
				GCC_WARN_UNDECLARED_SELECTOR = YES;
				GCC_WARN_UNINITIALIZED_AUTOS = YES_AGGRESSIVE;
				GCC_WARN_UNUSED_FUNCTION = YES;
				GCC_WARN_UNUSED_VARIABLE = YES;
				IPHONEOS_DEPLOYMENT_TARGET = 12.4;
				MTL_ENABLE_DEBUG_INFO = NO;
				MTL_FAST_MATH = YES;
				SDKROOT = iphoneos;
				SWIFT_COMPILATION_MODE = wholemodule;
				SWIFT_OPTIMIZATION_LEVEL = "-O";
				VALIDATE_PRODUCT = YES;
			};
			name = Release;
		};
		611DA2E52408ABBA0037FF18 /* Debug */ = {
			isa = XCBuildConfiguration;
			buildSettings = {
				ASSETCATALOG_COMPILER_APPICON_NAME = AppIcon;
				CODE_SIGN_STYLE = Automatic;
				DEVELOPMENT_TEAM = RJ8C5W246Y;
				INFOPLIST_FILE = DogLove/Info.plist;
				LD_RUNPATH_SEARCH_PATHS = (
					"$(inherited)",
					"@executable_path/Frameworks",
				);
				PRODUCT_BUNDLE_IDENTIFIER = com.test.DogLove;
				PRODUCT_NAME = "$(TARGET_NAME)";
				SWIFT_VERSION = 5.0;
				TARGETED_DEVICE_FAMILY = "1,2";
			};
			name = Debug;
		};
		611DA2E62408ABBA0037FF18 /* Release */ = {
			isa = XCBuildConfiguration;
			buildSettings = {
				ASSETCATALOG_COMPILER_APPICON_NAME = AppIcon;
				CODE_SIGN_STYLE = Automatic;
				DEVELOPMENT_TEAM = RJ8C5W246Y;
				INFOPLIST_FILE = DogLove/Info.plist;
				LD_RUNPATH_SEARCH_PATHS = (
					"$(inherited)",
					"@executable_path/Frameworks",
				);
				PRODUCT_BUNDLE_IDENTIFIER = com.test.DogLove;
				PRODUCT_NAME = "$(TARGET_NAME)";
				SWIFT_VERSION = 5.0;
				TARGETED_DEVICE_FAMILY = "1,2";
			};
			name = Release;
		};
/* End XCBuildConfiguration section */

/* Begin XCConfigurationList section */
		611DA2CD2408ABAD0037FF18 /* Build configuration list for PBXProject "DogLove" */ = {
			isa = XCConfigurationList;
			buildConfigurations = (
				611DA2E22408ABBA0037FF18 /* Debug */,
				611DA2E32408ABBA0037FF18 /* Release */,
			);
			defaultConfigurationIsVisible = 0;
			defaultConfigurationName = Release;
		};
		611DA2E42408ABBA0037FF18 /* Build configuration list for PBXNativeTarget "DogLove" */ = {
			isa = XCConfigurationList;
			buildConfigurations = (
				611DA2E52408ABBA0037FF18 /* Debug */,
				611DA2E62408ABBA0037FF18 /* Release */,
			);
			defaultConfigurationIsVisible = 0;
			defaultConfigurationName = Release;
		};
/* End XCConfigurationList section */
	};
	rootObject = 611DA2CA2408ABAD0037FF18 /* Project object */;
}
